
Microsoft Visual Studio Solution File, Format Version 12.00
Project("{FAE04EC0-301F-11D3-BF4B-00C04F79EFBC}") = "ThreadSafeDbContext", "ThreadSafeDbContext\ThreadSafeDbContext.csproj", "{A7599F0B-FB2E-4EA4-92AD-99D3A8AFAE8D}"
EndProject
Project("{FAE04EC0-301F-11D3-BF4B-00C04F79EFBC}") = "ThreadSafeDbContext.Tests", "ThreadSafeDbContext.Tests\ThreadSafeDbContext.Tests.csproj", "{9A00434F-3FC9-4DC9-9689-BA49DA8424FF}"
EndProject
Project("{FAE04EC0-301F-11D3-BF4B-00C04F79EFBC}") = "ThreadSafeDbContext.Benchmark", "ThreadSafeDbContext.Benchmark\ThreadSafeDbContext.Benchmark.csproj", "{E2336547-92F7-419C-A16C-387CEDE23B49}"
EndProject
Project("{FAE04EC0-301F-11D3-BF4B-00C04F79EFBC}") = "ThreadSafeDbContextNet", "ThreadSafeDbContextNet\ThreadSafeDbContextNet.csproj", "{B5847029-050B-472A-8BBB-55E81A01543A}"
EndProject
Project("{FAE04EC0-301F-11D3-BF4B-00C04F79EFBC}") = "ThreadSafeDbContextNet.Tests", "ThreadSafeDbContextNet.Tests\ThreadSafeDbContextNet.Tests.csproj", "{953E7552-DC01-4AAB-AB2A-93042F47F3FD}"
EndProject
Global
	GlobalSection(SolutionConfigurationPlatforms) = preSolution
		Debug|Any CPU = Debug|Any CPU
		Release|Any CPU = Release|Any CPU
	EndGlobalSection
	GlobalSection(ProjectConfigurationPlatforms) = postSolution
		{A7599F0B-FB2E-4EA4-92AD-99D3A8AFAE8D}.Debug|Any CPU.ActiveCfg = Debug|Any CPU
		{A7599F0B-FB2E-4EA4-92AD-99D3A8AFAE8D}.Debug|Any CPU.Build.0 = Debug|Any CPU
		{A7599F0B-FB2E-4EA4-92AD-99D3A8AFAE8D}.Release|Any CPU.ActiveCfg = Release|Any CPU
		{A7599F0B-FB2E-4EA4-92AD-99D3A8AFAE8D}.Release|Any CPU.Build.0 = Release|Any CPU
		{9A00434F-3FC9-4DC9-9689-BA49DA8424FF}.Debug|Any CPU.ActiveCfg = Debug|Any CPU
		{9A00434F-3FC9-4DC9-9689-BA49DA8424FF}.Debug|Any CPU.Build.0 = Debug|Any CPU
		{9A00434F-3FC9-4DC9-9689-BA49DA8424FF}.Release|Any CPU.ActiveCfg = Release|Any CPU
		{9A00434F-3FC9-4DC9-9689-BA49DA8424FF}.Release|Any CPU.Build.0 = Release|Any CPU
		{E2336547-92F7-419C-A16C-387CEDE23B49}.Debug|Any CPU.ActiveCfg = Debug|Any CPU
		{E2336547-92F7-419C-A16C-387CEDE23B49}.Debug|Any CPU.Build.0 = Debug|Any CPU
		{E2336547-92F7-419C-A16C-387CEDE23B49}.Release|Any CPU.ActiveCfg = Release|Any CPU
		{E2336547-92F7-419C-A16C-387CEDE23B49}.Release|Any CPU.Build.0 = Release|Any CPU
		{B5847029-050B-472A-8BBB-55E81A01543A}.Debug|Any CPU.ActiveCfg = Debug|Any CPU
		{B5847029-050B-472A-8BBB-55E81A01543A}.Debug|Any CPU.Build.0 = Debug|Any CPU
		{B5847029-050B-472A-8BBB-55E81A01543A}.Release|Any CPU.ActiveCfg = Release|Any CPU
		{B5847029-050B-472A-8BBB-55E81A01543A}.Release|Any CPU.Build.0 = Release|Any CPU
		{953E7552-DC01-4AAB-AB2A-93042F47F3FD}.Debug|Any CPU.ActiveCfg = Debug|Any CPU
		{953E7552-DC01-4AAB-AB2A-93042F47F3FD}.Debug|Any CPU.Build.0 = Debug|Any CPU
		{953E7552-DC01-4AAB-AB2A-93042F47F3FD}.Release|Any CPU.ActiveCfg = Release|Any CPU
		{953E7552-DC01-4AAB-AB2A-93042F47F3FD}.Release|Any CPU.Build.0 = Release|Any CPU
	EndGlobalSection
EndGlobal
